
Microsoft Visual Studio Solution File, Format Version 12.00
# Visual Studio 14
VisualStudioVersion = 14.0.25420.1
MinimumVisualStudioVersion = 10.0.40219.1
Project("{FAE04EC0-301F-11D3-BF4B-00C04F79EFBC}") = "SandboxPTC", "SandboxPTC\SandboxPTC.csproj", "{58AEA75B-A411-40C1-AC87-F36747BD4A1B}"
EndProject
Project("{FAE04EC0-301F-11D3-BF4B-00C04F79EFBC}") = "PTCData", "PTCData\PTCData.csproj", "{DE1BDA57-2081-4414-80C0-39BD747A7637}"
EndProject
Global
	GlobalSection(SolutionConfigurationPlatforms) = preSolution
		Debug|Any CPU = Debug|Any CPU
		Release|Any CPU = Release|Any CPU
	EndGlobalSection
	GlobalSection(ProjectConfigurationPlatforms) = postSolution
		{58AEA75B-A411-40C1-AC87-F36747BD4A1B}.Debug|Any CPU.ActiveCfg = Debug|Any CPU
		{58AEA75B-A411-40C1-AC87-F36747BD4A1B}.Debug|Any CPU.Build.0 = Debug|Any CPU
		{58AEA75B-A411-40C1-AC87-F36747BD4A1B}.Release|Any CPU.ActiveCfg = Release|Any CPU
		{58AEA75B-A411-40C1-AC87-F36747BD4A1B}.Release|Any CPU.Build.0 = Release|Any CPU
		{DE1BDA57-2081-4414-80C0-39BD747A7637}.Debug|Any CPU.ActiveCfg = Debug|Any CPU
		{DE1BDA57-2081-4414-80C0-39BD747A7637}.Debug|Any CPU.Build.0 = Debug|Any CPU
		{DE1BDA57-2081-4414-80C0-39BD747A7637}.Release|Any CPU.ActiveCfg = Release|Any CPU
		{DE1BDA57-2081-4414-80C0-39BD747A7637}.Release|Any CPU.Build.0 = Release|Any CPU
	EndGlobalSection
	GlobalSection(SolutionProperties) = preSolution
		HideSolutionNode = FALSE
	EndGlobalSection
EndGlobal
